Microsoft Visual Studio Solution File, Format Version 12.00
# Visual Studio Version 17
VisualStudioVersion = 17.12.35323.107
MinimumVisualStudioVersion = 10.0.40219.1
Project("{FAE04EC0-301F-11D3-BF4B-00C04F79EFBC}") = "DemoExam2024", "DemoExam2024\DemoExam2024.csproj", "{8A1FD399-C581-4264-9AB1-AE323EFDCA34}"
EndProject
Global
	GlobalSection(SolutionConfigurationPlatforms) = preSolution
		Debug|Any CPU = Debug|Any CPU
		Release|Any CPU = Release|Any CPU
	EndGlobalSection
	GlobalSection(ProjectConfigurationPlatforms) = postSolution
		{8A1FD399-C581-4264-9AB1-AE323EFDCA34}.Debug|Any CPU.ActiveCfg = Debug|Any CPU
		{8A1FD399-C581-4264-9AB1-AE323EFDCA34}.Debug|Any CPU.Build.0 = Debug|Any CPU
		{8A1FD399-C581-4264-9AB1-AE323EFDCA34}.Release|Any CPU.ActiveCfg = Release|Any CPU
		{8A1FD399-C581-4264-9AB1-AE323EFDCA34}.Release|Any CPU.Build.0 = Release|Any CPU
	EndGlobalSection
	GlobalSection(SolutionProperties) = preSolution
		HideSolutionNode = FALSE
	EndGlobalSection
	GlobalSection(ExtensibilityGlobals) = postSolution
		SolutionGuid = {90C8667E-FE6B-40F0-96E3-1563D418F658}
	EndGlobalSection
EndGlobal
